// !$*UTF8*$!
{
	archiveVersion = 1;
	classes = {
	};
	objectVersion = 46;
	objects = {

/* Begin PBXBuildFile section */
		BFB7D254F35D6214E0339AE5 /* Pods.framework in Frameworks */ = {isa = PBXBuildFile; fileRef = AA47ED2BDADC21E506A58E8E /* Pods.framework */; settings = {ATTRIBUTES = (Weak, ); }; };
		ED6E3C171BCF43A60057CF29 /* AppDelegate.swift in Sources */ = {isa = PBXBuildFile; fileRef = ED6E3C161BCF43A60057CF29 /* AppDelegate.swift */; };
		ED6E3C191BCF43A60057CF29 /* ViewController.swift in Sources */ = {isa = PBXBuildFile; fileRef = ED6E3C181BCF43A60057CF29 /* ViewController.swift */; };
		ED6E3C1C1BCF43A60057CF29 /* Main.storyboard in Resources */ = {isa = PBXBuildFile; fileRef = ED6E3C1A1BCF43A60057CF29 /* Main.storyboard */; };
		ED6E3C1E1BCF43A60057CF29 /* Assets.xcassets in Resources */ = {isa = PBXBuildFile; fileRef = ED6E3C1D1BCF43A60057CF29 /* Assets.xcassets */; };
		ED6E3C211BCF43A60057CF29 /* LaunchScreen.storyboard in Resources */ = {isa = PBXBuildFile; fileRef = ED6E3C1F1BCF43A60057CF29 /* LaunchScreen.storyboard */; };
		ED6E3C2C1BCF43A60057CF29 /* ExampleUITests.swift in Sources */ = {isa = PBXBuildFile; fileRef = ED6E3C2B1BCF43A60057CF29 /* ExampleUITests.swift */; };
/* End PBXBuildFile section */

/* Begin PBXContainerItemProxy section */
		ED6E3C281BCF43A60057CF29 /* PBXContainerItemProxy */ = {
			isa = PBXContainerItemProxy;
			containerPortal = ED6E3C0B1BCF43A60057CF29 /* Project object */;
			proxyType = 1;
			remoteGlobalIDString = ED6E3C121BCF43A60057CF29;
			remoteInfo = Example;
		};
/* End PBXContainerItemProxy section */

/* Begin PBXFileReference section */
		1087193205B5A08A248A2F61 /* Pods.release.xcconfig */ = {isa = PBXFileReference; includeInIndex = 1; lastKnownFileType = text.xcconfig; name = Pods.release.xcconfig; path = "Pods/Target Support Files/Pods/Pods.release.xcconfig"; sourceTree = "<group>"; };
		A35CA6692552E68B3BD01BC8 /* Pods.debug.xcconfig */ = {isa = PBXFileReference; includeInIndex = 1; lastKnownFileType = text.xcconfig; name = Pods.debug.xcconfig; path = "Pods/Target Support Files/Pods/Pods.debug.xcconfig"; sourceTree = "<group>"; };
		AA47ED2BDADC21E506A58E8E /* Pods.framework */ = {isa = PBXFileReference; explicitFileType = wrapper.framework; includeInIndex = 0; path = Pods.framework; sourceTree = BUILT_PRODUCTS_DIR; };
		ED6E3C131BCF43A60057CF29 /* Example.app */ = {isa = PBXFileReference; explicitFileType = wrapper.application; includeInIndex = 0; path = Example.app; sourceTree = BUILT_PRODUCTS_DIR; };
		ED6E3C161BCF43A60057CF29 /* AppDelegate.swift */ = {isa = PBXFileReference; lastKnownFileType = sourcecode.swift; path = AppDelegate.swift; sourceTree = "<group>"; };
		ED6E3C181BCF43A60057CF29 /* ViewController.swift */ = {isa = PBXFileReference; lastKnownFileType = sourcecode.swift; path = ViewController.swift; sourceTree = "<group>"; };
		ED6E3C1B1BCF43A60057CF29 /* Base */ = {isa = PBXFileReference; lastKnownFileType = file.storyboard; name = Base; path = Base.lproj/Main.storyboard; sourceTree = "<group>"; };
		ED6E3C1D1BCF43A60057CF29 /* Assets.xcassets */ = {isa = PBXFileReference; lastKnownFileType = folder.assetcatalog; path = Assets.xcassets; sourceTree = "<group>"; };
		ED6E3C201BCF43A60057CF29 /* Base */ = {isa = PBXFileReference; lastKnownFileType = file.storyboard; name = Base; path = Base.lproj/LaunchScreen.storyboard; sourceTree = "<group>"; };
		ED6E3C221BCF43A60057CF29 /* Info.plist */ = {isa = PBXFileReference; lastKnownFileType = text.plist.xml; path = Info.plist; sourceTree = "<group>"; };
		ED6E3C271BCF43A60057CF29 /* ExampleUITests.xctest */ = {isa = PBXFileReference; explicitFileType = wrapper.cfbundle; includeInIndex = 0; path = ExampleUITests.xctest; sourceTree = BUILT_PRODUCTS_DIR; };
		ED6E3C2B1BCF43A60057CF29 /* ExampleUITests.swift */ = {isa = PBXFileReference; lastKnownFileType = sourcecode.swift; path = ExampleUITests.swift; sourceTree = "<group>"; };
		ED6E3C2D1BCF43A60057CF29 /* Info.plist */ = {isa = PBXFileReference; lastKnownFileType = text.plist.xml; path = Info.plist; sourceTree = "<group>"; };
/* End PBXFileReference section */

/* Begin PBXFrameworksBuildPhase section */
		ED6E3C101BCF43A60057CF29 /* Frameworks */ = {
			isa = PBXFrameworksBuildPhase;
			buildActionMask = 2147483647;
			files = (
				BFB7D254F35D6214E0339AE5 /* Pods.framework in Frameworks */,
			);
			runOnlyForDeploymentPostprocessing = 0;
		};
		ED6E3C241BCF43A60057CF29 /* Frameworks */ = {
			isa = PBXFrameworksBuildPhase;
			buildActionMask = 2147483647;
			files = (
			);
			runOnlyForDeploymentPostprocessing = 0;
		};
/* End PBXFrameworksBuildPhase section */

/* Begin PBXGroup section */
		3B1AD06E9CE8814A39CBD85F /* Frameworks */ = {
			isa = PBXGroup;
			children = (
				AA47ED2BDADC21E506A58E8E /* Pods.framework */,
			);
			name = Frameworks;
			sourceTree = "<group>";
		};
		6733314873C1E5B1C59969F0 /* Pods */ = {
			isa = PBXGroup;
			children = (
				A35CA6692552E68B3BD01BC8 /* Pods.debug.xcconfig */,
				1087193205B5A08A248A2F61 /* Pods.release.xcconfig */,
			);
			name = Pods;
			sourceTree = "<group>";
		};
		ED6E3C0A1BCF43A60057CF29 = {
			isa = PBXGroup;
			children = (
				ED6E3C151BCF43A60057CF29 /* Example */,
				ED6E3C2A1BCF43A60057CF29 /* ExampleUITests */,
				ED6E3C141BCF43A60057CF29 /* Products */,
				6733314873C1E5B1C59969F0 /* Pods */,
				3B1AD06E9CE8814A39CBD85F /* Frameworks */,
			);
			sourceTree = "<group>";
		};
		ED6E3C141BCF43A60057CF29 /* Products */ = {
			isa = PBXGroup;
			children = (
				ED6E3C131BCF43A60057CF29 /* Example.app */,
				ED6E3C271BCF43A60057CF29 /* ExampleUITests.xctest */,
			);
			name = Products;
			sourceTree = "<group>";
		};
		ED6E3C151BCF43A60057CF29 /* Example */ = {
			isa = PBXGroup;
			children = (
				ED6E3C161BCF43A60057CF29 /* AppDelegate.swift */,
				ED6E3C181BCF43A60057CF29 /* ViewController.swift */,
				ED6E3C1A1BCF43A60057CF29 /* Main.storyboard */,
				ED6E3C1D1BCF43A60057CF29 /* Assets.xcassets */,
				ED6E3C1F1BCF43A60057CF29 /* LaunchScreen.storyboard */,
				ED6E3C221BCF43A60057CF29 /* Info.plist */,
			);
			path = Example;
			sourceTree = "<group>";
		};
		ED6E3C2A1BCF43A60057CF29 /* ExampleUITests */ = {
			isa = PBXGroup;
			children = (
				ED6E3C2B1BCF43A60057CF29 /* ExampleUITests.swift */,
				ED6E3C2D1BCF43A60057CF29 /* Info.plist */,
			);
			path = ExampleUITests;
			sourceTree = "<group>";
		};
/* End PBXGroup section */

/* Begin PBXNativeTarget section */
		ED6E3C121BCF43A60057CF29 /* Example */ = {
			isa = PBXNativeTarget;
			buildConfigurationList = ED6E3C301BCF43A60057CF29 /* Build configuration list for PBXNativeTarget "Example" */;
			buildPhases = (
				BFA41734A7FDF54324A225D8 /* Check Pods Manifest.lock */,
				ED6E3C0F1BCF43A60057CF29 /* Sources */,
				ED6E3C101BCF43A60057CF29 /* Frameworks */,
				ED6E3C111BCF43A60057CF29 /* Resources */,
				7C357BD674DBB879894C91C7 /* Embed Pods Frameworks */,
				DB7A33455B8AC600EAA3FCE4 /* Copy Pods Resources */,
			);
			buildRules = (
			);
			dependencies = (
			);
			name = Example;
			productName = Example;
			productReference = ED6E3C131BCF43A60057CF29 /* Example.app */;
			productType = "com.apple.product-type.application";
		};
		ED6E3C261BCF43A60057CF29 /* ExampleUITests */ = {
			isa = PBXNativeTarget;
			buildConfigurationList = ED6E3C331BCF43A60057CF29 /* Build configuration list for PBXNativeTarget "ExampleUITests" */;
			buildPhases = (
				ED6E3C231BCF43A60057CF29 /* Sources */,
				ED6E3C241BCF43A60057CF29 /* Frameworks */,
				ED6E3C251BCF43A60057CF29 /* Resources */,
			);
			buildRules = (
			);
			dependencies = (
				ED6E3C291BCF43A60057CF29 /* PBXTargetDependency */,
			);
			name = ExampleUITests;
			productName = ExampleUITests;
			productReference = ED6E3C271BCF43A60057CF29 /* ExampleUITests.xctest */;
			productType = "com.apple.product-type.bundle.ui-testing";
		};
/* End PBXNativeTarget section */

/* Begin PBXProject section */
		ED6E3C0B1BCF43A60057CF29 /* Project object */ = {
			isa = PBXProject;
			attributes = {
				LastUpgradeCheck = 0700;
				ORGANIZATIONNAME = "yoshida hiroyuki";
				TargetAttributes = {
					ED6E3C121BCF43A60057CF29 = {
						CreatedOnToolsVersion = 7.0.1;
					};
					ED6E3C261BCF43A60057CF29 = {
						CreatedOnToolsVersion = 7.0.1;
						TestTargetID = ED6E3C121BCF43A60057CF29;
					};
				};
			};
			buildConfigurationList = ED6E3C0E1BCF43A60057CF29 /* Build configuration list for PBXProject "Example" */;
			compatibilityVersion = "Xcode 3.2";
			developmentRegion = English;
			hasScannedForEncodings = 0;
			knownRegions = (
				en,
				Base,
			);
			mainGroup = ED6E3C0A1BCF43A60057CF29;
			productRefGroup = ED6E3C141BCF43A60057CF29 /* Products */;
			projectDirPath = "";
			projectRoot = "";
			targets = (
				ED6E3C121BCF43A60057CF29 /* Example */,
				ED6E3C261BCF43A60057CF29 /* ExampleUITests */,
			);
		};
/* End PBXProject section */

/* Begin PBXResourcesBuildPhase section */
		ED6E3C111BCF43A60057CF29 /* Resources */ = {
			isa = PBXResourcesBuildPhase;
			buildActionMask = 2147483647;
			files = (
				ED6E3C211BCF43A60057CF29 /* LaunchScreen.storyboard in Resources */,
				ED6E3C1E1BCF43A60057CF29 /* Assets.xcassets in Resources */,
				ED6E3C1C1BCF43A60057CF29 /* Main.storyboard in Resources */,
			);
			runOnlyForDeploymentPostprocessing = 0;
		};
		ED6E3C251BCF43A60057CF29 /* Resources */ = {
			isa = PBXResourcesBuildPhase;
			buildActionMask = 2147483647;
			files = (
			);
			runOnlyForDeploymentPostprocessing = 0;
		};
/* End PBXResourcesBuildPhase section */

/* Begin PBXShellScriptBuildPhase section */
		7C357BD674DBB879894C91C7 /* Embed Pods Frameworks */ = {
			isa = PBXShellScriptBuildPhase;
			buildActionMask = 2147483647;
			files = (
			);
			inputPaths = (
			);
			name = "Embed Pods Frameworks";
			outputPaths = (
			);
			runOnlyForDeploymentPostprocessing = 0;
			shellPath = /bin/sh;
			shellScript = "\"${SRCROOT}/Pods/Target Support Files/Pods/Pods-frameworks.sh\"\n";
			showEnvVarsInLog = 0;
		};
		BFA41734A7FDF54324A225D8 /* Check Pods Manifest.lock */ = {
			isa = PBXShellScriptBuildPhase;
			buildActionMask = 2147483647;
			files = (
			);
			inputPaths = (
			);
			name = "Check Pods Manifest.lock";
			outputPaths = (
			);
			runOnlyForDeploymentPostprocessing = 0;
			shellPath = /bin/sh;
			shellScript = "diff \"${PODS_ROOT}/../Podfile.lock\" \"${PODS_ROOT}/Manifest.lock\" > /dev/null\nif [[ $? != 0 ]] ; then\n    cat << EOM\nerror: The sandbox is not in sync with the Podfile.lock. Run 'pod install' or update your CocoaPods installation.\nEOM\n    exit 1\nfi\n";
			showEnvVarsInLog = 0;
		};
		DB7A33455B8AC600EAA3FCE4 /* Copy Pods Resources */ = {
			isa = PBXShellScriptBuildPhase;
			buildActionMask = 2147483647;
			files = (
			);
			inputPaths = (
			);
			name = "Copy Pods Resources";
			outputPaths = (
			);
			runOnlyForDeploymentPostprocessing = 0;
			shellPath = /bin/sh;
			shellScript = "\"${SRCROOT}/Pods/Target Support Files/Pods/Pods-resources.sh\"\n";
			showEnvVarsInLog = 0;
		};
/* End PBXShellScriptBuildPhase section */

/* Begin PBXSourcesBuildPhase section */
		ED6E3C0F1BCF43A60057CF29 /* Sources */ = {
			isa = PBXSourcesBuildPhase;
			buildActionMask = 2147483647;
			files = (
				ED6E3C191BCF43A60057CF29 /* ViewController.swift in Sources */,
				ED6E3C171BCF43A60057CF29 /* AppDelegate.swift in Sources */,
			);
			runOnlyForDeploymentPostprocessing = 0;
		};
		ED6E3C231BCF43A60057CF29 /* Sources */ = {
			isa = PBXSourcesBuildPhase;
			buildActionMask = 2147483647;
			files = (
				ED6E3C2C1BCF43A60057CF29 /* ExampleUITests.swift in Sources */,
			);
			runOnlyForDeploymentPostprocessing = 0;
		};
/* End PBXSourcesBuildPhase section */

/* Begin PBXTargetDependency section */
		ED6E3C291BCF43A60057CF29 /* PBXTargetDependency */ = {
			isa = PBXTargetDependency;
			target = ED6E3C121BCF43A60057CF29 /* Example */;
			targetProxy = ED6E3C281BCF43A60057CF29 /* PBXContainerItemProxy */;
		};
/* End PBXTargetDependency section */

/* Begin PBXVariantGroup section */
		ED6E3C1A1BCF43A60057CF29 /* Main.storyboard */ = {
			isa = PBXVariantGroup;
			children = (
				ED6E3C1B1BCF43A60057CF29 /* Base */,
			);
			name = Main.storyboard;
			sourceTree = "<group>";
		};
		ED6E3C1F1BCF43A60057CF29 /* LaunchScreen.storyboard */ = {
			isa = PBXVariantGroup;
			children = (
				ED6E3C201BCF43A60057CF29 /* Base */,
			);
			name = LaunchScreen.storyboard;
			sourceTree = "<group>";
		};
/* End PBXVariantGroup section */

/* Begin XCBuildConfiguration section */
		ED6E3C2E1BCF43A60057CF29 /* Debug */ = {
			isa = XCBuildConfiguration;
			buildSettings = {
				ALWAYS_SEARCH_USER_PATHS = NO;
				CLANG_CXX_LANGUAGE_STANDARD = "gnu++0x";
				CLANG_CXX_LIBRARY = "libc++";
				CLANG_ENABLE_MODULES = YES;
				CLANG_ENABLE_OBJC_ARC = YES;
				CLANG_WARN_BOOL_CONVERSION = YES;
				CLANG_WARN_CONSTANT_CONVERSION = YES;
				CLANG_WARN_DIRECT_OBJC_ISA_USAGE = YES_ERROR;
				CLANG_WARN_EMPTY_BODY = YES;
				CLANG_WARN_ENUM_CONVERSION = YES;
				CLANG_WARN_INT_CONVERSION = YES;
				CLANG_WARN_OBJC_ROOT_CLASS = YES_ERROR;
				CLANG_WARN_UNREACHABLE_CODE = YES;
				CLANG_WARN__DUPLICATE_METHOD_MATCH = YES;
				"CODE_SIGN_IDENTITY[sdk=iphoneos*]" = "iPhone Developer";
				COPY_PHASE_STRIP = NO;
				DEBUG_INFORMATION_FORMAT = dwarf;
				ENABLE_STRICT_OBJC_MSGSEND = YES;
				ENABLE_TESTABILITY = YES;
				GCC_C_LANGUAGE_STANDARD = gnu99;
				GCC_DYNAMIC_NO_PIC = NO;
				GCC_NO_COMMON_BLOCKS = YES;
				GCC_OPTIMIZATION_LEVEL = 0;
				GCC_PREPROCESSOR_DEFINITIONS = (
					"DEBUG=1",
					"$(inherited)",
				);
				GCC_WARN_64_TO_32_BIT_CONVERSION = YES;
				GCC_WARN_ABOUT_RETURN_TYPE = YES_ERROR;
				GCC_WARN_UNDECLARED_SELECTOR = YES;
				GCC_WARN_UNINITIALIZED_AUTOS = YES_AGGRESSIVE;
				GCC_WARN_UNUSED_FUNCTION = YES;
				GCC_WARN_UNUSED_VARIABLE = YES;
				IPHONEOS_DEPLOYMENT_TARGET = 9.0;
				MTL_ENABLE_DEBUG_INFO = YES;
				ONLY_ACTIVE_ARCH = YES;
				SDKROOT = iphoneos;
				SWIFT_OPTIMIZATION_LEVEL = "-Onone";
				TARGETED_DEVICE_FAMILY = "1,2";
			};
			name = Debug;
		};
		ED6E3C2F1BCF43A60057CF29 /* Release */ = {
			isa = XCBuildConfiguration;
			buildSettings = {
				ALWAYS_SEARCH_USER_PATHS = NO;
				CLANG_CXX_LANGUAGE_STANDARD = "gnu++0x";
				CLANG_CXX_LIBRARY = "libc++";
				CLANG_ENABLE_MODULES = YES;
				CLANG_ENABLE_OBJC_ARC = YES;
				CLANG_WARN_BOOL_CONVERSION = YES;
				CLANG_WARN_CONSTANT_CONVERSION = YES;
				CLANG_WARN_DIRECT_OBJC_ISA_USAGE = YES_ERROR;
				CLANG_WARN_EMPTY_BODY = YES;
				CLANG_WARN_ENUM_CONVERSION = YES;
				CLANG_WARN_INT_CONVERSION = YES;
				CLANG_WARN_OBJC_ROOT_CLASS = YES_ERROR;
				CLANG_WARN_UNREACHABLE_CODE = YES;
				CLANG_WARN__DUPLICATE_METHOD_MATCH = YES;
				"CODE_SIGN_IDENTITY[sdk=iphoneos*]" = "iPhone Developer";
				COPY_PHASE_STRIP = NO;
				DEBUG_INFORMATION_FORMAT = "dwarf-with-dsym";
				ENABLE_NS_ASSERTIONS = NO;
				ENABLE_STRICT_OBJC_MSGSEND = YES;
				GCC_C_LANGUAGE_STANDARD = gnu99;
				GCC_NO_COMMON_BLOCKS = YES;
				GCC_WARN_64_TO_32_BIT_CONVERSION = YES;
				GCC_WARN_ABOUT_RETURN_TYPE = YES_ERROR;
				GCC_WARN_UNDECLARED_SELECTOR = YES;
				GCC_WARN_UNINITIALIZED_AUTOS = YES_AGGRESSIVE;
				GCC_WARN_UNUSED_FUNCTION = YES;
				GCC_WARN_UNUSED_VARIABLE = YES;
				IPHONEOS_DEPLOYMENT_TARGET = 9.0;
				MTL_ENABLE_DEBUG_INFO = NO;
				SDKROOT = iphoneos;
				TARGETED_DEVICE_FAMILY = "1,2";
				VALIDATE_PRODUCT = YES;
			};
			name = Release;
		};
		ED6E3C311BCF43A60057CF29 /* Debug */ = {
			isa = XCBuildConfiguration;
			baseConfigurationReference = A35CA6692552E68B3BD01BC8 /* Pods.debug.xcconfig */;
			buildSettings = {
				ASSETCATALOG_COMPILER_APPICON_NAME = AppIcon;
				INFOPLIST_FILE = Example/Info.plist;
				LD_RUNPATH_SEARCH_PATHS = "$(inherited) @executable_path/Frameworks";
				PRODUCT_BUNDLE_IDENTIFIER = io.github.hryk224.Example;
				PRODUCT_NAME = "$(TARGET_NAME)";
			};
			name = Debug;
		};
		ED6E3C321BCF43A60057CF29 /* Release */ = {
			isa = XCBuildConfiguration;
			baseConfigurationReference = 1087193205B5A08A248A2F61 /* Pods.release.xcconfig */;
			buildSettings = {
				ASSETCATALOG_COMPILER_APPICON_NAME = AppIcon;
				INFOPLIST_FILE = Example/Info.plist;
				LD_RUNPATH_SEARCH_PATHS = "$(inherited) @executable_path/Frameworks";
				PRODUCT_BUNDLE_IDENTIFIER = io.github.hryk224.Example;
				PRODUCT_NAME = "$(TARGET_NAME)";
			};
			name = Release;
		};
		ED6E3C341BCF43A60057CF29 /* Debug */ = {
			isa = XCBuildConfiguration;
			buildSettings = {
				INFOPLIST_FILE = ExampleUITests/Info.plist;
				LD_RUNPATH_SEARCH_PATHS = "$(inherited) @executable_path/Frameworks @loader_path/Frameworks";
				PRODUCT_BUNDLE_IDENTIFIER = io.github.hryk224.ExampleUITests;
				PRODUCT_NAME = "$(TARGET_NAME)";
				TEST_TARGET_NAME = Example;
				USES_XCTRUNNER = YES;
			};
			name = Debug;
		};
		ED6E3C351BCF43A60057CF29 /* Release */ = {
			isa = XCBuildConfiguration;
			buildSettings = {
				INFOPLIST_FILE = ExampleUITests/Info.plist;
				LD_RUNPATH_SEARCH_PATHS = "$(inherited) @executable_path/Frameworks @loader_path/Frameworks";
				PRODUCT_BUNDLE_IDENTIFIER = io.github.hryk224.ExampleUITests;
				PRODUCT_NAME = "$(TARGET_NAME)";
				TEST_TARGET_NAME = Example;
				USES_XCTRUNNER = YES;
			};
			name = Release;
		};
/* End XCBuildConfiguration section */

/* Begin XCConfigurationList section */
		ED6E3C0E1BCF43A60057CF29 /* Build configuration list for PBXProject "Example" */ = {
			isa = XCConfigurationList;
			buildConfigurations = (
				ED6E3C2E1BCF43A60057CF29 /* Debug */,
				ED6E3C2F1BCF43A60057CF29 /* Release */,
			);
			defaultConfigurationIsVisible = 0;
			defaultConfigurationName = Release;
		};
		ED6E3C301BCF43A60057CF29 /* Build configuration list for PBXNativeTarget "Example" */ = {
			isa = XCConfigurationList;
			buildConfigurations = (
				ED6E3C311BCF43A60057CF29 /* Debug */,
				ED6E3C321BCF43A60057CF29 /* Release */,
			);
			defaultConfigurationIsVisible = 0;
			defaultConfigurationName = Release;
		};
		ED6E3C331BCF43A60057CF29 /* Build configuration list for PBXNativeTarget "ExampleUITests" */ = {
			isa = XCConfigurationList;
			buildConfigurations = (
				ED6E3C341BCF43A60057CF29 /* Debug */,
				ED6E3C351BCF43A60057CF29 /* Release */,
			);
			defaultConfigurationIsVisible = 0;
			defaultConfigurationName = Release;
		};
/* End XCConfigurationList section */
	};
	rootObject = ED6E3C0B1BCF43A60057CF29 /* Project object */;
}
