// !$*UTF8*$!
{
	archiveVersion = 1;
	classes = {
	};
	objectVersion = 46;
	objects = {

/* Begin PBXBuildFile section */
		935BD7381CE272F400E5FDF7 /* AppDelegate.swift in Sources */ = {isa = PBXBuildFile; fileRef = 935BD7371CE272F400E5FDF7 /* AppDelegate.swift */; };
		935BD73A1CE272F400E5FDF7 /* ViewController.swift in Sources */ = {isa = PBXBuildFile; fileRef = 935BD7391CE272F400E5FDF7 /* ViewController.swift */; };
		935BD73D1CE272F400E5FDF7 /* Main.storyboard in Resources */ = {isa = PBXBuildFile; fileRef = 935BD73B1CE272F400E5FDF7 /* Main.storyboard */; };
		935BD73F1CE272F400E5FDF7 /* Assets.xcassets in Resources */ = {isa = PBXBuildFile; fileRef = 935BD73E1CE272F400E5FDF7 /* Assets.xcassets */; };
		935BD7421CE272F400E5FDF7 /* LaunchScreen.storyboard in Resources */ = {isa = PBXBuildFile; fileRef = 935BD7401CE272F400E5FDF7 /* LaunchScreen.storyboard */; };
		ED413F421D8AA81B0024036E /* PCLBlurEffectAlert.framework in Frameworks */ = {isa = PBXBuildFile; fileRef = ED413F411D8AA8130024036E /* PCLBlurEffectAlert.framework */; };
		ED413F431D8AA81B0024036E /* PCLBlurEffectAlert.framework in Embed Frameworks */ = {isa = PBXBuildFile; fileRef = ED413F411D8AA8130024036E /* PCLBlurEffectAlert.framework */; settings = {ATTRIBUTES = (CodeSignOnCopy, RemoveHeadersOnCopy, ); }; };
/* End PBXBuildFile section */

/* Begin PBXContainerItemProxy section */
		ED413F401D8AA8130024036E /* PBXContainerItemProxy */ = {
			isa = PBXContainerItemProxy;
			containerPortal = ED413F3C1D8AA8130024036E /* PCLBlurEffectAlert.xcodeproj */;
			proxyType = 2;
			remoteGlobalIDString = 935BD7B81CE274A500E5FDF7;
			remoteInfo = PCLBlurEffectAlert;
		};
		ED413F441D8AA81B0024036E /* PBXContainerItemProxy */ = {
			isa = PBXContainerItemProxy;
			containerPortal = ED413F3C1D8AA8130024036E /* PCLBlurEffectAlert.xcodeproj */;
			proxyType = 1;
			remoteGlobalIDString = 935BD7B71CE274A500E5FDF7;
			remoteInfo = PCLBlurEffectAlert;
		};
/* End PBXContainerItemProxy section */

/* Begin PBXCopyFilesBuildPhase section */
		935BD7EA1CE2759F00E5FDF7 /* Embed Frameworks */ = {
			isa = PBXCopyFilesBuildPhase;
			buildActionMask = 2147483647;
			dstPath = "";
			dstSubfolderSpec = 10;
			files = (
				ED413F431D8AA81B0024036E /* PCLBlurEffectAlert.framework in Embed Frameworks */,
			);
			name = "Embed Frameworks";
			runOnlyForDeploymentPostprocessing = 0;
		};
/* End PBXCopyFilesBuildPhase section */

/* Begin PBXFileReference section */
		935BD7341CE272F400E5FDF7 /* Example.app */ = {isa = PBXFileReference; explicitFileType = wrapper.application; includeInIndex = 0; path = Example.app; sourceTree = BUILT_PRODUCTS_DIR; };
		935BD7371CE272F400E5FDF7 /* AppDelegate.swift */ = {isa = PBXFileReference; lastKnownFileType = sourcecode.swift; path = AppDelegate.swift; sourceTree = "<group>"; };
		935BD7391CE272F400E5FDF7 /* ViewController.swift */ = {isa = PBXFileReference; lastKnownFileType = sourcecode.swift; path = ViewController.swift; sourceTree = "<group>"; };
		935BD73C1CE272F400E5FDF7 /* Base */ = {isa = PBXFileReference; lastKnownFileType = file.storyboard; name = Base; path = Base.lproj/Main.storyboard; sourceTree = "<group>"; };
		935BD73E1CE272F400E5FDF7 /* Assets.xcassets */ = {isa = PBXFileReference; lastKnownFileType = folder.assetcatalog; path = Assets.xcassets; sourceTree = "<group>"; };
		935BD7411CE272F400E5FDF7 /* Base */ = {isa = PBXFileReference; lastKnownFileType = file.storyboard; name = Base; path = Base.lproj/LaunchScreen.storyboard; sourceTree = "<group>"; };
		935BD7431CE272F400E5FDF7 /* Info.plist */ = {isa = PBXFileReference; lastKnownFileType = text.plist.xml; path = Info.plist; sourceTree = "<group>"; };
		ED413F3C1D8AA8130024036E /* PCLBlurEffectAlert.xcodeproj */ = {isa = PBXFileReference; lastKnownFileType = "wrapper.pb-project"; name = PCLBlurEffectAlert.xcodeproj; path = ../PCLBlurEffectAlert.xcodeproj; sourceTree = "<group>"; };
/* End PBXFileReference section */

/* Begin PBXFrameworksBuildPhase section */
		935BD7311CE272F400E5FDF7 /* Frameworks */ = {
			isa = PBXFrameworksBuildPhase;
			buildActionMask = 2147483647;
			files = (
				ED413F421D8AA81B0024036E /* PCLBlurEffectAlert.framework in Frameworks */,
			);
			runOnlyForDeploymentPostprocessing = 0;
		};
/* End PBXFrameworksBuildPhase section */

/* Begin PBXGroup section */
		935BD72B1CE272F400E5FDF7 = {
			isa = PBXGroup;
			children = (
				935BD7361CE272F400E5FDF7 /* Example */,
				935BD7351CE272F400E5FDF7 /* Products */,
				ED413F3B1D8AA8130024036E /* Frameworks */,
			);
			sourceTree = "<group>";
		};
		935BD7351CE272F400E5FDF7 /* Products */ = {
			isa = PBXGroup;
			children = (
				935BD7341CE272F400E5FDF7 /* Example.app */,
			);
			name = Products;
			sourceTree = "<group>";
		};
		935BD7361CE272F400E5FDF7 /* Example */ = {
			isa = PBXGroup;
			children = (
				935BD7371CE272F400E5FDF7 /* AppDelegate.swift */,
				935BD7391CE272F400E5FDF7 /* ViewController.swift */,
				935BD73B1CE272F400E5FDF7 /* Main.storyboard */,
				935BD73E1CE272F400E5FDF7 /* Assets.xcassets */,
				935BD7401CE272F400E5FDF7 /* LaunchScreen.storyboard */,
				935BD7431CE272F400E5FDF7 /* Info.plist */,
			);
			path = Example;
			sourceTree = "<group>";
		};
		ED413F3B1D8AA8130024036E /* Frameworks */ = {
			isa = PBXGroup;
			children = (
				ED413F3C1D8AA8130024036E /* PCLBlurEffectAlert.xcodeproj */,
			);
			name = Frameworks;
			sourceTree = "<group>";
		};
		ED413F3D1D8AA8130024036E /* Products */ = {
			isa = PBXGroup;
			children = (
				ED413F411D8AA8130024036E /* PCLBlurEffectAlert.framework */,
			);
			name = Products;
			sourceTree = "<group>";
		};
/* End PBXGroup section */

/* Begin PBXNativeTarget section */
		935BD7331CE272F400E5FDF7 /* Example */ = {
			isa = PBXNativeTarget;
			buildConfigurationList = 935BD7461CE272F400E5FDF7 /* Build configuration list for PBXNativeTarget "Example" */;
			buildPhases = (
				935BD7301CE272F400E5FDF7 /* Sources */,
				935BD7311CE272F400E5FDF7 /* Frameworks */,
				935BD7321CE272F400E5FDF7 /* Resources */,
				935BD7EA1CE2759F00E5FDF7 /* Embed Frameworks */,
			);
			buildRules = (
			);
			dependencies = (
				ED413F451D8AA81B0024036E /* PBXTargetDependency */,
			);
			name = Example;
			productName = Example;
			productReference = 935BD7341CE272F400E5FDF7 /* Example.app */;
			productType = "com.apple.product-type.application";
		};
/* End PBXNativeTarget section */

/* Begin PBXProject section */
		935BD72C1CE272F400E5FDF7 /* Project object */ = {
			isa = PBXProject;
			attributes = {
				LastSwiftUpdateCheck = 0730;
				LastUpgradeCheck = 0800;
				ORGANIZATIONNAME = "hiroyuki yoshida";
				TargetAttributes = {
					935BD7331CE272F400E5FDF7 = {
						CreatedOnToolsVersion = 7.3.1;
						LastSwiftMigration = 0800;
					};
				};
			};
			buildConfigurationList = 935BD72F1CE272F400E5FDF7 /* Build configuration list for PBXProject "Example" */;
			compatibilityVersion = "Xcode 3.2";
			developmentRegion = English;
			hasScannedForEncodings = 0;
			knownRegions = (
				en,
				Base,
			);
			mainGroup = 935BD72B1CE272F400E5FDF7;
			productRefGroup = 935BD7351CE272F400E5FDF7 /* Products */;
			projectDirPath = "";
			projectReferences = (
				{
					ProductGroup = ED413F3D1D8AA8130024036E /* Products */;
					ProjectRef = ED413F3C1D8AA8130024036E /* PCLBlurEffectAlert.xcodeproj */;
				},
			);
			projectRoot = "";
			targets = (
				935BD7331CE272F400E5FDF7 /* Example */,
			);
		};
/* End PBXProject section */

/* Begin PBXReferenceProxy section */
		ED413F411D8AA8130024036E /* PCLBlurEffectAlert.framework */ = {
			isa = PBXReferenceProxy;
			fileType = wrapper.framework;
			path = PCLBlurEffectAlert.framework;
			remoteRef = ED413F401D8AA8130024036E /* PBXContainerItemProxy */;
			sourceTree = BUILT_PRODUCTS_DIR;
		};
/* End PBXReferenceProxy section */

/* Begin PBXResourcesBuildPhase section */
		935BD7321CE272F400E5FDF7 /* Resources */ = {
			isa = PBXResourcesBuildPhase;
			buildActionMask = 2147483647;
			files = (
				935BD7421CE272F400E5FDF7 /* LaunchScreen.storyboard in Resources */,
				935BD73F1CE272F400E5FDF7 /* Assets.xcassets in Resources */,
				935BD73D1CE272F400E5FDF7 /* Main.storyboard in Resources */,
			);
			runOnlyForDeploymentPostprocessing = 0;
		};
/* End PBXResourcesBuildPhase section */

/* Begin PBXSourcesBuildPhase section */
		935BD7301CE272F400E5FDF7 /* Sources */ = {
			isa = PBXSourcesBuildPhase;
			buildActionMask = 2147483647;
			files = (
				935BD73A1CE272F400E5FDF7 /* ViewController.swift in Sources */,
				935BD7381CE272F400E5FDF7 /* AppDelegate.swift in Sources */,
			);
			runOnlyForDeploymentPostprocessing = 0;
		};
/* End PBXSourcesBuildPhase section */

/* Begin PBXTargetDependency section */
		ED413F451D8AA81B0024036E /* PBXTargetDependency */ = {
			isa = PBXTargetDependency;
			name = PCLBlurEffectAlert;
			targetProxy = ED413F441D8AA81B0024036E /* PBXContainerItemProxy */;
		};
/* End PBXTargetDependency section */

/* Begin PBXVariantGroup section */
		935BD73B1CE272F400E5FDF7 /* Main.storyboard */ = {
			isa = PBXVariantGroup;
			children = (
				935BD73C1CE272F400E5FDF7 /* Base */,
			);
			name = Main.storyboard;
			sourceTree = "<group>";
		};
		935BD7401CE272F400E5FDF7 /* LaunchScreen.storyboard */ = {
			isa = PBXVariantGroup;
			children = (
				935BD7411CE272F400E5FDF7 /* Base */,
			);
			name = LaunchScreen.storyboard;
			sourceTree = "<group>";
		};
/* End PBXVariantGroup section */

/* Begin XCBuildConfiguration section */
		935BD7441CE272F400E5FDF7 /* Debug */ = {
			isa = XCBuildConfiguration;
			buildSettings = {
				ALWAYS_SEARCH_USER_PATHS = NO;
				CLANG_ANALYZER_NONNULL = YES;
				CLANG_CXX_LANGUAGE_STANDARD = "gnu++0x";
				CLANG_CXX_LIBRARY = "libc++";
				CLANG_ENABLE_MODULES = YES;
				CLANG_ENABLE_OBJC_ARC = YES;
				CLANG_WARN_BOOL_CONVERSION = YES;
				CLANG_WARN_CONSTANT_CONVERSION = YES;
				CLANG_WARN_DIRECT_OBJC_ISA_USAGE = YES_ERROR;
				CLANG_WARN_EMPTY_BODY = YES;
				CLANG_WARN_ENUM_CONVERSION = YES;
				CLANG_WARN_INFINITE_RECURSION = YES;
				CLANG_WARN_INT_CONVERSION = YES;
				CLANG_WARN_OBJC_ROOT_CLASS = YES_ERROR;
				CLANG_WARN_SUSPICIOUS_MOVE = YES;
				CLANG_WARN_UNREACHABLE_CODE = YES;
				CLANG_WARN__DUPLICATE_METHOD_MATCH = YES;
				"CODE_SIGN_IDENTITY[sdk=iphoneos*]" = "iPhone Developer";
				COPY_PHASE_STRIP = NO;
				DEBUG_INFORMATION_FORMAT = dwarf;
				ENABLE_STRICT_OBJC_MSGSEND = YES;
				ENABLE_TESTABILITY = YES;
				GCC_C_LANGUAGE_STANDARD = gnu99;
				GCC_DYNAMIC_NO_PIC = NO;
				GCC_NO_COMMON_BLOCKS = YES;
				GCC_OPTIMIZATION_LEVEL = 0;
				GCC_PREPROCESSOR_DEFINITIONS = (
					"DEBUG=1",
					"$(inherited)",
				);
				GCC_WARN_64_TO_32_BIT_CONVERSION = YES;
				GCC_WARN_ABOUT_RETURN_TYPE = YES_ERROR;
				GCC_WARN_UNDECLARED_SELECTOR = YES;
				GCC_WARN_UNINITIALIZED_AUTOS = YES_AGGRESSIVE;
				GCC_WARN_UNUSED_FUNCTION = YES;
				GCC_WARN_UNUSED_VARIABLE = YES;
				IPHONEOS_DEPLOYMENT_TARGET = 9.3;
				MTL_ENABLE_DEBUG_INFO = YES;
				ONLY_ACTIVE_ARCH = YES;
				SDKROOT = iphoneos;
				SWIFT_OPTIMIZATION_LEVEL = "-Onone";
			};
			name = Debug;
		};
		935BD7451CE272F400E5FDF7 /* Release */ = {
			isa = XCBuildConfiguration;
			buildSettings = {
				ALWAYS_SEARCH_USER_PATHS = NO;
				CLANG_ANALYZER_NONNULL = YES;
				CLANG_CXX_LANGUAGE_STANDARD = "gnu++0x";
				CLANG_CXX_LIBRARY = "libc++";
				CLANG_ENABLE_MODULES = YES;
				CLANG_ENABLE_OBJC_ARC = YES;
				CLANG_WARN_BOOL_CONVERSION = YES;
				CLANG_WARN_CONSTANT_CONVERSION = YES;
				CLANG_WARN_DIRECT_OBJC_ISA_USAGE = YES_ERROR;
				CLANG_WARN_EMPTY_BODY = YES;
				CLANG_WARN_ENUM_CONVERSION = YES;
				CLANG_WARN_INFINITE_RECURSION = YES;
				CLANG_WARN_INT_CONVERSION = YES;
				CLANG_WARN_OBJC_ROOT_CLASS = YES_ERROR;
				CLANG_WARN_SUSPICIOUS_MOVE = YES;
				CLANG_WARN_UNREACHABLE_CODE = YES;
				CLANG_WARN__DUPLICATE_METHOD_MATCH = YES;
				"CODE_SIGN_IDENTITY[sdk=iphoneos*]" = "iPhone Developer";
				COPY_PHASE_STRIP = NO;
				DEBUG_INFORMATION_FORMAT = "dwarf-with-dsym";
				ENABLE_NS_ASSERTIONS = NO;
				ENABLE_STRICT_OBJC_MSGSEND = YES;
				GCC_C_LANGUAGE_STANDARD = gnu99;
				GCC_NO_COMMON_BLOCKS = YES;
				GCC_WARN_64_TO_32_BIT_CONVERSION = YES;
				GCC_WARN_ABOUT_RETURN_TYPE = YES_ERROR;
				GCC_WARN_UNDECLARED_SELECTOR = YES;
				GCC_WARN_UNINITIALIZED_AUTOS = YES_AGGRESSIVE;
				GCC_WARN_UNUSED_FUNCTION = YES;
				GCC_WARN_UNUSED_VARIABLE = YES;
				IPHONEOS_DEPLOYMENT_TARGET = 9.3;
				MTL_ENABLE_DEBUG_INFO = NO;
				SDKROOT = iphoneos;
				SWIFT_OPTIMIZATION_LEVEL = "-Owholemodule";
				VALIDATE_PRODUCT = YES;
			};
			name = Release;
		};
		935BD7471CE272F400E5FDF7 /* Debug */ = {
			isa = XCBuildConfiguration;
			buildSettings = {
				ALWAYS_EMBED_SWIFT_STANDARD_LIBRARIES = YES;
				ASSETCATALOG_COMPILER_APPICON_NAME = AppIcon;
				INFOPLIST_FILE = Example/Info.plist;
				LD_RUNPATH_SEARCH_PATHS = "$(inherited) @executable_path/Frameworks";
				PRODUCT_BUNDLE_IDENTIFIER = io.github.hryk224.Example;
				PRODUCT_NAME = "$(TARGET_NAME)";
				SWIFT_VERSION = 3.0;
			};
			name = Debug;
		};
		935BD7481CE272F400E5FDF7 /* Release */ = {
			isa = XCBuildConfiguration;
			buildSettings = {
				ALWAYS_EMBED_SWIFT_STANDARD_LIBRARIES = YES;
				ASSETCATALOG_COMPILER_APPICON_NAME = AppIcon;
				INFOPLIST_FILE = Example/Info.plist;
				LD_RUNPATH_SEARCH_PATHS = "$(inherited) @executable_path/Frameworks";
				PRODUCT_BUNDLE_IDENTIFIER = io.github.hryk224.Example;
				PRODUCT_NAME = "$(TARGET_NAME)";
				SWIFT_VERSION = 3.0;
			};
			name = Release;
		};
/* End XCBuildConfiguration section */

/* Begin XCConfigurationList section */
		935BD72F1CE272F400E5FDF7 /* Build configuration list for PBXProject "Example" */ = {
			isa = XCConfigurationList;
			buildConfigurations = (
				935BD7441CE272F400E5FDF7 /* Debug */,
				935BD7451CE272F400E5FDF7 /* Release */,
			);
			defaultConfigurationIsVisible = 0;
			defaultConfigurationName = Release;
		};
		935BD7461CE272F400E5FDF7 /* Build configuration list for PBXNativeTarget "Example" */ = {
			isa = XCConfigurationList;
			buildConfigurations = (
				935BD7471CE272F400E5FDF7 /* Debug */,
				935BD7481CE272F400E5FDF7 /* Release */,
			);
			defaultConfigurationIsVisible = 0;
			defaultConfigurationName = Release;
		};
/* End XCConfigurationList section */
	};
	rootObject = 935BD72C1CE272F400E5FDF7 /* Project object */;
}
